
Microsoft Visual Studio Solution File, Format Version 12.00
# Visual Studio Version 17
VisualStudioVersion = 17.7.34018.315
MinimumVisualStudioVersion = 10.0.40219.1
Project("{9A19103F-16F7-4668-BE54-9A1E7A4F7556}") = "MassTransitTester", "MassTransitTester.csproj", "{8354D027-7AEE-4778-82B3-084778E265AA}"
EndProject
Global
	GlobalSection(SolutionConfigurationPlatforms) = preSolution
		Debug|Any CPU = Debug|Any CPU
		Release|Any CPU = Release|Any CPU
	EndGlobalSection
	GlobalSection(ProjectConfigurationPlatforms) = postSolution
		{8354D027-7AEE-4778-82B3-084778E265AA}.Debug|Any CPU.ActiveCfg = Debug|Any CPU
		{8354D027-7AEE-4778-82B3-084778E265AA}.Debug|Any CPU.Build.0 = Debug|Any CPU
		{8354D027-7AEE-4778-82B3-084778E265AA}.Release|Any CPU.ActiveCfg = Release|Any CPU
		{8354D027-7AEE-4778-82B3-084778E265AA}.Release|Any CPU.Build.0 = Release|Any CPU
	EndGlobalSection
	GlobalSection(SolutionProperties) = preSolution
		HideSolutionNode = FALSE
	EndGlobalSection
	GlobalSection(ExtensibilityGlobals) = postSolution
		SolutionGuid = {9C831DAA-FB7D-41B8-8BA1-788936581286}
	EndGlobalSection
EndGlobal
